
Microsoft Visual Studio Solution File, Format Version 12.00
# Visual Studio Version 16
VisualStudioVersion = 16.0.29728.190
MinimumVisualStudioVersion = 10.0.40219.1
Project("{FAE04EC0-301F-11D3-BF4B-00C04F79EFBC}") = "ExemploWebForms", "ExemploWebForms\ExemploWebForms.csproj", "{EEF569EF-1AC7-42EB-AACC-4C3FE69B4FEA}"
EndProject
Global
	GlobalSection(SolutionConfigurationPlatforms) = preSolution
		Debug|Any CPU = Debug|Any CPU
		Release|Any CPU = Release|Any CPU
	EndGlobalSection
	GlobalSection(ProjectConfigurationPlatforms) = postSolution
		{EEF569EF-1AC7-42EB-AACC-4C3FE69B4FEA}.Debug|Any CPU.ActiveCfg = Debug|Any CPU
		{EEF569EF-1AC7-42EB-AACC-4C3FE69B4FEA}.Debug|Any CPU.Build.0 = Debug|Any CPU
		{EEF569EF-1AC7-42EB-AACC-4C3FE69B4FEA}.Release|Any CPU.ActiveCfg = Release|Any CPU
		{EEF569EF-1AC7-42EB-AACC-4C3FE69B4FEA}.Release|Any CPU.Build.0 = Release|Any CPU
	EndGlobalSection
	GlobalSection(SolutionProperties) = preSolution
		HideSolutionNode = FALSE
	EndGlobalSection
	GlobalSection(ExtensibilityGlobals) = postSolution
		SolutionGuid = {E29402E4-0330-4EB1-B744-7A0621FEE0B5}
	EndGlobalSection
EndGlobal
